{
  "name": "baasilsportfolio",
  "lockfileVersion": 3,
  "requires": true,
  "packages": {
    "": {
      "dependencies": {
        "@paper-design/shaders-react": "^0.0.76",
        "animejs": "^4.5.0"
      }
    },
    "node_modules/@paper-design/shaders": {
      "version": "0.0.76",
      "resolved": "https://registry.npmjs.org/@paper-design/shaders/-/shaders-0.0.76.tgz",
      "integrity": "sha512-AcNDY4J66YQHUfQYFInkCP7M9VOje0od7wLpOR7LtCmc532opJy6ll+h1W9zBovz8tt9U7OADUmJ/qKEXyOX/A==",
      "license": "SEE LICENSE IN https://github.com/paper-design/shaders/blob/main/LICENSE"
    },
    "node_modules/@paper-design/shaders-react": {
      "version": "0.0.76",
      "resolved": "https://registry.npmjs.org/@paper-design/shaders-react/-/shaders-react-0.0.76.tgz",
      "integrity": "sha512-uPJWrYRf6cJdO2H+fuXlahaqz0QjYglNAyUTaRfIInpzCa/d6guxBIK003soAZQFuQ035yg9FhtfFzKNWm+a5A==",
      "license": "SEE LICENSE IN https://github.com/paper-design/shaders/blob/main/LICENSE",
      "dependencies": {
        "@paper-design/shaders": "0.0.76"
      },
      "peerDependencies": {
        "@types/react": "^18 || ^19",
        "react": "^18 || ^19"
      },
      "peerDependenciesMeta": {
        "@types/react": {
          "optional": true
        }
      }
    },
    "node_modules/animejs": {
      "version": "4.5.0",
      "resolved": "https://registry.npmjs.org/animejs/-/animejs-4.5.0.tgz",
      "integrity": "sha512-NQimYX+lz8WaXonGS9zVVoviCIAjONeJayxacUditaivYLqyXgGjFKjuyl0aUUhFKm5MriX9ty1TGovNzoJQWA==",
      "license": "MIT",
      "funding": {
        "type": "github",
        "url": "https://github.com/sponsors/juliangarnier"
      },
      "peerDependencies": {
        "@types/three": ">=0.150.0",
        "three": ">=0.150.0"
      },
      "peerDependenciesMeta": {
        "@types/three": {
          "optional": true
        },
        "three": {
          "optional": true
        }
      }
    },
    "node_modules/react": {
      "version": "19.2.6",
      "resolved": "https://registry.npmjs.org/react/-/react-19.2.6.tgz",
      "integrity": "sha512-sfWGGfavi0xr8Pg0sVsyHMAOziVYKgPLNrS7ig+ivMNb3wbCBw3KxtflsGBAwD3gYQlE/AEZsTLgToRrSCjb0Q==",
      "license": "MIT",
      "peer": true,
      "engines": {
        "node": ">=0.10.0"
      }
    }
  }
}
